{
  "name": "rika-fft",
  "version": "1.0.0",
  "lockfileVersion": 1,
  "requires": true,
  "dependencies": {
    "canvas": {
      "version": "2.0.0-alpha.6",
      "resolved": "https://registry.npmjs.org/canvas/-/canvas-2.0.0-alpha.6.tgz",
      "integrity": "sha512-HRJWAiC3pwMlc7Xf8RGntrmoaCfc/Jd66TbYXXhUhiOJJUUUYXW97Zn2j8dBiXxpeG4gt3jALceeA9OQUTqNCw==",
      "requires": {
        "nan": "2.7.0"
      }
    },
    "http": {
      "version": "0.0.0",
      "resolved": "https://registry.npmjs.org/http/-/http-0.0.0.tgz",
      "integrity": "sha1-huYybSnF0Dnen6xYSkVon5KfT3I="
    },
    "nan": {
      "version": "2.7.0",
      "resolved": "https://registry.npmjs.org/nan/-/nan-2.7.0.tgz",
      "integrity": "sha1-2Vv3IeyHfgjbJ27T/G63j5CDrUY="
    }
  }
}
